
Microsoft Visual Studio Solution File, Format Version 12.00
# Visual Studio Version 17
VisualStudioVersion = 17.2.32616.157
MinimumVisualStudioVersion = 10.0.40219.1
Project("{FAE04EC0-301F-11D3-BF4B-00C04F79EFBC}") = "fullystackedapi", "fullystackedapi.csproj", "{A630D587-9DF3-47DB-8C95-18825B56D8D2}"
EndProject
Global
	GlobalSection(SolutionConfigurationPlatforms) = preSolution
		Debug|Any CPU = Debug|Any CPU
		Release|Any CPU = Release|Any CPU
	EndGlobalSection
	GlobalSection(ProjectConfigurationPlatforms) = postSolution
		{A630D587-9DF3-47DB-8C95-18825B56D8D2}.Debug|Any CPU.ActiveCfg = Debug|Any CPU
		{A630D587-9DF3-47DB-8C95-18825B56D8D2}.Debug|Any CPU.Build.0 = Debug|Any CPU
		{A630D587-9DF3-47DB-8C95-18825B56D8D2}.Release|Any CPU.ActiveCfg = Release|Any CPU
		{A630D587-9DF3-47DB-8C95-18825B56D8D2}.Release|Any CPU.Build.0 = Release|Any CPU
	EndGlobalSection
	GlobalSection(SolutionProperties) = preSolution
		HideSolutionNode = FALSE
	EndGlobalSection
	GlobalSection(ExtensibilityGlobals) = postSolution
		SolutionGuid = {9FDA3A57-C6D1-435E-9D3E-F1635CD5AE76}
	EndGlobalSection
EndGlobal
